
Microsoft Visual Studio Solution File, Format Version 12.00
# Visual Studio Version 17
VisualStudioVersion = 17.4.33205.214
MinimumVisualStudioVersion = 10.0.40219.1
Project("{9A19103F-16F7-4668-BE54-9A1E7A4F7556}") = "AuvoTeste", "AuvoTeste\AuvoTeste.csproj", "{D885C4E1-636B-4DA8-B257-BE78AA1A7093}"
EndProject
Project("{FAE04EC0-301F-11D3-BF4B-00C04F79EFBC}") = "CandidatoWeb", "CandidatoWeb\CandidatoWeb.csproj", "{EE74CCFA-E6A5-4F38-9EAF-C0CDC56CE96A}"
EndProject
Global
	GlobalSection(SolutionConfigurationPlatforms) = preSolution
		Debug|Any CPU = Debug|Any CPU
		Release|Any CPU = Release|Any CPU
	EndGlobalSection
	GlobalSection(ProjectConfigurationPlatforms) = postSolution
		{D885C4E1-636B-4DA8-B257-BE78AA1A7093}.Debug|Any CPU.ActiveCfg = Debug|Any CPU
		{D885C4E1-636B-4DA8-B257-BE78AA1A7093}.Debug|Any CPU.Build.0 = Debug|Any CPU
		{D885C4E1-636B-4DA8-B257-BE78AA1A7093}.Release|Any CPU.ActiveCfg = Release|Any CPU
		{D885C4E1-636B-4DA8-B257-BE78AA1A7093}.Release|Any CPU.Build.0 = Release|Any CPU
		{EE74CCFA-E6A5-4F38-9EAF-C0CDC56CE96A}.Debug|Any CPU.ActiveCfg = Debug|Any CPU
		{EE74CCFA-E6A5-4F38-9EAF-C0CDC56CE96A}.Debug|Any CPU.Build.0 = Debug|Any CPU
		{EE74CCFA-E6A5-4F38-9EAF-C0CDC56CE96A}.Release|Any CPU.ActiveCfg = Release|Any CPU
		{EE74CCFA-E6A5-4F38-9EAF-C0CDC56CE96A}.Release|Any CPU.Build.0 = Release|Any CPU
	EndGlobalSection
	GlobalSection(SolutionProperties) = preSolution
		HideSolutionNode = FALSE
	EndGlobalSection
	GlobalSection(ExtensibilityGlobals) = postSolution
		SolutionGuid = {59CF4B4C-5DE5-4F08-9C91-9221A608E1F4}
	EndGlobalSection
EndGlobal
